// !$*UTF8*$!
{
	archiveVersion = 1;
	classes = {
	};
	objectVersion = 46;
	objects = {

/* Begin PBXBuildFile section */
		C977EE951F67D399001C06D9 /* main.m in Sources */ = {isa = PBXBuildFile; fileRef = C977EE941F67D399001C06D9 /* main.m */; };
		C977EE981F67D399001C06D9 /* AppDelegate.m in Sources */ = {isa = PBXBuildFile; fileRef = C977EE971F67D399001C06D9 /* AppDelegate.m */; };
		C977EEA01F67D399001C06D9 /* Assets.xcassets in Resources */ = {isa = PBXBuildFile; fileRef = C977EE9F1F67D399001C06D9 /* Assets.xcassets */; };
		C977EEA31F67D399001C06D9 /* LaunchScreen.storyboard in Resources */ = {isa = PBXBuildFile; fileRef = C977EEA11F67D399001C06D9 /* LaunchScreen.storyboard */; };
		C977EEAE1F67D39A001C06D9 /* __Tests.m in Sources */ = {isa = PBXBuildFile; fileRef = C977EEAD1F67D39A001C06D9 /* __Tests.m */; };
		C977EEB91F67D39A001C06D9 /* __UITests.m in Sources */ = {isa = PBXBuildFile; fileRef = C977EEB81F67D39A001C06D9 /* __UITests.m */; };
		C977EEC81F67D435001C06D9 /* SDTableViewController.m in Sources */ = {isa = PBXBuildFile; fileRef = C977EEC71F67D435001C06D9 /* SDTableViewController.m */; };
		C977EECC1F67D4D5001C06D9 /* SDTableViewCell.m in Sources */ = {isa = PBXBuildFile; fileRef = C977EECA1F67D4D5001C06D9 /* SDTableViewCell.m */; };
		C977EECD1F67D4D5001C06D9 /* SDTableViewCell.xib in Resources */ = {isa = PBXBuildFile; fileRef = C977EECB1F67D4D5001C06D9 /* SDTableViewCell.xib */; };
/* End PBXBuildFile section */

/* Begin PBXContainerItemProxy section */
		C977EEAA1F67D39A001C06D9 /* PBXContainerItemProxy */ = {
			isa = PBXContainerItemProxy;
			containerPortal = C977EE881F67D399001C06D9 /* Project object */;
			proxyType = 1;
			remoteGlobalIDString = C977EE8F1F67D399001C06D9;
			remoteInfo = "练习";
		};
		C977EEB51F67D39A001C06D9 /* PBXContainerItemProxy */ = {
			isa = PBXContainerItemProxy;
			containerPortal = C977EE881F67D399001C06D9 /* Project object */;
			proxyType = 1;
			remoteGlobalIDString = C977EE8F1F67D399001C06D9;
			remoteInfo = "练习";
		};
/* End PBXContainerItemProxy section */

/* Begin PBXFileReference section */
		C977EE901F67D399001C06D9 /* 练习.app */ = {isa = PBXFileReference; explicitFileType = wrapper.application; includeInIndex = 0; path = "练习.app"; sourceTree = BUILT_PRODUCTS_DIR; };
		C977EE941F67D399001C06D9 /* main.m */ = {isa = PBXFileReference; lastKnownFileType = sourcecode.c.objc; path = main.m; sourceTree = "<group>"; };
		C977EE961F67D399001C06D9 /* AppDelegate.h */ = {isa = PBXFileReference; lastKnownFileType = sourcecode.c.h; path = AppDelegate.h; sourceTree = "<group>"; };
		C977EE971F67D399001C06D9 /* AppDelegate.m */ = {isa = PBXFileReference; lastKnownFileType = sourcecode.c.objc; path = AppDelegate.m; sourceTree = "<group>"; };
		C977EE9F1F67D399001C06D9 /* Assets.xcassets */ = {isa = PBXFileReference; lastKnownFileType = folder.assetcatalog; path = Assets.xcassets; sourceTree = "<group>"; };
		C977EEA21F67D399001C06D9 /* Base */ = {isa = PBXFileReference; lastKnownFileType = file.storyboard; name = Base; path = Base.lproj/LaunchScreen.storyboard; sourceTree = "<group>"; };
		C977EEA41F67D39A001C06D9 /* Info.plist */ = {isa = PBXFileReference; lastKnownFileType = text.plist.xml; path = Info.plist; sourceTree = "<group>"; };
		C977EEA91F67D39A001C06D9 /* 练习Tests.xctest */ = {isa = PBXFileReference; explicitFileType = wrapper.cfbundle; includeInIndex = 0; path = "练习Tests.xctest"; sourceTree = BUILT_PRODUCTS_DIR; };
		C977EEAD1F67D39A001C06D9 /* __Tests.m */ = {isa = PBXFileReference; lastKnownFileType = sourcecode.c.objc; path = __Tests.m; sourceTree = "<group>"; };
		C977EEAF1F67D39A001C06D9 /* Info.plist */ = {isa = PBXFileReference; lastKnownFileType = text.plist.xml; path = Info.plist; sourceTree = "<group>"; };
		C977EEB41F67D39A001C06D9 /* 练习UITests.xctest */ = {isa = PBXFileReference; explicitFileType = wrapper.cfbundle; includeInIndex = 0; path = "练习UITests.xctest"; sourceTree = BUILT_PRODUCTS_DIR; };
		C977EEB81F67D39A001C06D9 /* __UITests.m */ = {isa = PBXFileReference; lastKnownFileType = sourcecode.c.objc; path = __UITests.m; sourceTree = "<group>"; };
		C977EEBA1F67D39A001C06D9 /* Info.plist */ = {isa = PBXFileReference; lastKnownFileType = text.plist.xml; path = Info.plist; sourceTree = "<group>"; };
		C977EEC61F67D435001C06D9 /* SDTableViewController.h */ = {isa = PBXFileReference; fileEncoding = 4; lastKnownFileType = sourcecode.c.h; path = SDTableViewController.h; sourceTree = "<group>"; };
		C977EEC71F67D435001C06D9 /* SDTableViewController.m */ = {isa = PBXFileReference; fileEncoding = 4; lastKnownFileType = sourcecode.c.objc; path = SDTableViewController.m; sourceTree = "<group>"; };
		C977EEC91F67D4D5001C06D9 /* SDTableViewCell.h */ = {isa = PBXFileReference; fileEncoding = 4; lastKnownFileType = sourcecode.c.h; path = SDTableViewCell.h; sourceTree = "<group>"; };
		C977EECA1F67D4D5001C06D9 /* SDTableViewCell.m */ = {isa = PBXFileReference; fileEncoding = 4; lastKnownFileType = sourcecode.c.objc; path = SDTableViewCell.m; sourceTree = "<group>"; };
		C977EECB1F67D4D5001C06D9 /* SDTableViewCell.xib */ = {isa = PBXFileReference; fileEncoding = 4; lastKnownFileType = file.xib; path = SDTableViewCell.xib; sourceTree = "<group>"; };
/* End PBXFileReference section */

/* Begin PBXFrameworksBuildPhase section */
		C977EE8D1F67D399001C06D9 /* Frameworks */ = {
			isa = PBXFrameworksBuildPhase;
			buildActionMask = 2147483647;
			files = (
			);
			runOnlyForDeploymentPostprocessing = 0;
		};
		C977EEA61F67D39A001C06D9 /* Frameworks */ = {
			isa = PBXFrameworksBuildPhase;
			buildActionMask = 2147483647;
			files = (
			);
			runOnlyForDeploymentPostprocessing = 0;
		};
		C977EEB11F67D39A001C06D9 /* Frameworks */ = {
			isa = PBXFrameworksBuildPhase;
			buildActionMask = 2147483647;
			files = (
			);
			runOnlyForDeploymentPostprocessing = 0;
		};
/* End PBXFrameworksBuildPhase section */

/* Begin PBXGroup section */
		C977EE871F67D399001C06D9 = {
			isa = PBXGroup;
			children = (
				C977EE921F67D399001C06D9 /* 练习 */,
				C977EEAC1F67D39A001C06D9 /* 练习Tests */,
				C977EEB71F67D39A001C06D9 /* 练习UITests */,
				C977EE911F67D399001C06D9 /* Products */,
			);
			sourceTree = "<group>";
		};
		C977EE911F67D399001C06D9 /* Products */ = {
			isa = PBXGroup;
			children = (
				C977EE901F67D399001C06D9 /* 练习.app */,
				C977EEA91F67D39A001C06D9 /* 练习Tests.xctest */,
				C977EEB41F67D39A001C06D9 /* 练习UITests.xctest */,
			);
			name = Products;
			sourceTree = "<group>";
		};
		C977EE921F67D399001C06D9 /* 练习 */ = {
			isa = PBXGroup;
			children = (
				C977EE961F67D399001C06D9 /* AppDelegate.h */,
				C977EE971F67D399001C06D9 /* AppDelegate.m */,
				C977EEC61F67D435001C06D9 /* SDTableViewController.h */,
				C977EEC71F67D435001C06D9 /* SDTableViewController.m */,
				C977EEC91F67D4D5001C06D9 /* SDTableViewCell.h */,
				C977EECA1F67D4D5001C06D9 /* SDTableViewCell.m */,
				C977EECB1F67D4D5001C06D9 /* SDTableViewCell.xib */,
				C977EE9F1F67D399001C06D9 /* Assets.xcassets */,
				C977EEA11F67D399001C06D9 /* LaunchScreen.storyboard */,
				C977EEA41F67D39A001C06D9 /* Info.plist */,
				C977EE931F67D399001C06D9 /* Supporting Files */,
			);
			path = "练习";
			sourceTree = "<group>";
		};
		C977EE931F67D399001C06D9 /* Supporting Files */ = {
			isa = PBXGroup;
			children = (
				C977EE941F67D399001C06D9 /* main.m */,
			);
			name = "Supporting Files";
			sourceTree = "<group>";
		};
		C977EEAC1F67D39A001C06D9 /* 练习Tests */ = {
			isa = PBXGroup;
			children = (
				C977EEAD1F67D39A001C06D9 /* __Tests.m */,
				C977EEAF1F67D39A001C06D9 /* Info.plist */,
			);
			path = "练习Tests";
			sourceTree = "<group>";
		};
		C977EEB71F67D39A001C06D9 /* 练习UITests */ = {
			isa = PBXGroup;
			children = (
				C977EEB81F67D39A001C06D9 /* __UITests.m */,
				C977EEBA1F67D39A001C06D9 /* Info.plist */,
			);
			path = "练习UITests";
			sourceTree = "<group>";
		};
/* End PBXGroup section */

/* Begin PBXNativeTarget section */
		C977EE8F1F67D399001C06D9 /* 练习 */ = {
			isa = PBXNativeTarget;
			buildConfigurationList = C977EEBD1F67D39A001C06D9 /* Build configuration list for PBXNativeTarget "练习" */;
			buildPhases = (
				C977EE8C1F67D399001C06D9 /* Sources */,
				C977EE8D1F67D399001C06D9 /* Frameworks */,
				C977EE8E1F67D399001C06D9 /* Resources */,
			);
			buildRules = (
			);
			dependencies = (
			);
			name = "练习";
			productName = "练习";
			productReference = C977EE901F67D399001C06D9 /* 练习.app */;
			productType = "com.apple.product-type.application";
		};
		C977EEA81F67D39A001C06D9 /* 练习Tests */ = {
			isa = PBXNativeTarget;
			buildConfigurationList = C977EEC01F67D39A001C06D9 /* Build configuration list for PBXNativeTarget "练习Tests" */;
			buildPhases = (
				C977EEA51F67D39A001C06D9 /* Sources */,
				C977EEA61F67D39A001C06D9 /* Frameworks */,
				C977EEA71F67D39A001C06D9 /* Resources */,
			);
			buildRules = (
			);
			dependencies = (
				C977EEAB1F67D39A001C06D9 /* PBXTargetDependency */,
			);
			name = "练习Tests";
			productName = "练习Tests";
			productReference = C977EEA91F67D39A001C06D9 /* 练习Tests.xctest */;
			productType = "com.apple.product-type.bundle.unit-test";
		};
		C977EEB31F67D39A001C06D9 /* 练习UITests */ = {
			isa = PBXNativeTarget;
			buildConfigurationList = C977EEC31F67D39A001C06D9 /* Build configuration list for PBXNativeTarget "练习UITests" */;
			buildPhases = (
				C977EEB01F67D39A001C06D9 /* Sources */,
				C977EEB11F67D39A001C06D9 /* Frameworks */,
				C977EEB21F67D39A001C06D9 /* Resources */,
			);
			buildRules = (
			);
			dependencies = (
				C977EEB61F67D39A001C06D9 /* PBXTargetDependency */,
			);
			name = "练习UITests";
			productName = "练习UITests";
			productReference = C977EEB41F67D39A001C06D9 /* 练习UITests.xctest */;
			productType = "com.apple.product-type.bundle.ui-testing";
		};
/* End PBXNativeTarget section */

/* Begin PBXProject section */
		C977EE881F67D399001C06D9 /* Project object */ = {
			isa = PBXProject;
			attributes = {
				CLASSPREFIX = SD;
				LastUpgradeCheck = 0830;
				ORGANIZATIONNAME = sandouchan;
				TargetAttributes = {
					C977EE8F1F67D399001C06D9 = {
						CreatedOnToolsVersion = 8.3.3;
						DevelopmentTeam = 27A9PVFTM4;
						ProvisioningStyle = Automatic;
					};
					C977EEA81F67D39A001C06D9 = {
						CreatedOnToolsVersion = 8.3.3;
						DevelopmentTeam = 27A9PVFTM4;
						ProvisioningStyle = Automatic;
						TestTargetID = C977EE8F1F67D399001C06D9;
					};
					C977EEB31F67D39A001C06D9 = {
						CreatedOnToolsVersion = 8.3.3;
						DevelopmentTeam = 27A9PVFTM4;
						ProvisioningStyle = Automatic;
						TestTargetID = C977EE8F1F67D399001C06D9;
					};
				};
			};
			buildConfigurationList = C977EE8B1F67D399001C06D9 /* Build configuration list for PBXProject "练习" */;
			compatibilityVersion = "Xcode 3.2";
			developmentRegion = English;
			hasScannedForEncodings = 0;
			knownRegions = (
				en,
				Base,
			);
			mainGroup = C977EE871F67D399001C06D9;
			productRefGroup = C977EE911F67D399001C06D9 /* Products */;
			projectDirPath = "";
			projectRoot = "";
			targets = (
				C977EE8F1F67D399001C06D9 /* 练习 */,
				C977EEA81F67D39A001C06D9 /* 练习Tests */,
				C977EEB31F67D39A001C06D9 /* 练习UITests */,
			);
		};
/* End PBXProject section */

/* Begin PBXResourcesBuildPhase section */
		C977EE8E1F67D399001C06D9 /* Resources */ = {
			isa = PBXResourcesBuildPhase;
			buildActionMask = 2147483647;
			files = (
				C977EEA31F67D399001C06D9 /* LaunchScreen.storyboard in Resources */,
				C977EEA01F67D399001C06D9 /* Assets.xcassets in Resources */,
				C977EECD1F67D4D5001C06D9 /* SDTableViewCell.xib in Resources */,
			);
			runOnlyForDeploymentPostprocessing = 0;
		};
		C977EEA71F67D39A001C06D9 /* Resources */ = {
			isa = PBXResourcesBuildPhase;
			buildActionMask = 2147483647;
			files = (
			);
			runOnlyForDeploymentPostprocessing = 0;
		};
		C977EEB21F67D39A001C06D9 /* Resources */ = {
			isa = PBXResourcesBuildPhase;
			buildActionMask = 2147483647;
			files = (
			);
			runOnlyForDeploymentPostprocessing = 0;
		};
/* End PBXResourcesBuildPhase section */

/* Begin PBXSourcesBuildPhase section */
		C977EE8C1F67D399001C06D9 /* Sources */ = {
			isa = PBXSourcesBuildPhase;
			buildActionMask = 2147483647;
			files = (
				C977EEC81F67D435001C06D9 /* SDTableViewController.m in Sources */,
				C977EE981F67D399001C06D9 /* AppDelegate.m in Sources */,
				C977EECC1F67D4D5001C06D9 /* SDTableViewCell.m in Sources */,
				C977EE951F67D399001C06D9 /* main.m in Sources */,
			);
			runOnlyForDeploymentPostprocessing = 0;
		};
		C977EEA51F67D39A001C06D9 /* Sources */ = {
			isa = PBXSourcesBuildPhase;
			buildActionMask = 2147483647;
			files = (
				C977EEAE1F67D39A001C06D9 /* __Tests.m in Sources */,
			);
			runOnlyForDeploymentPostprocessing = 0;
		};
		C977EEB01F67D39A001C06D9 /* Sources */ = {
			isa = PBXSourcesBuildPhase;
			buildActionMask = 2147483647;
			files = (
				C977EEB91F67D39A001C06D9 /* __UITests.m in Sources */,
			);
			runOnlyForDeploymentPostprocessing = 0;
		};
/* End PBXSourcesBuildPhase section */

/* Begin PBXTargetDependency section */
		C977EEAB1F67D39A001C06D9 /* PBXTargetDependency */ = {
			isa = PBXTargetDependency;
			target = C977EE8F1F67D399001C06D9 /* 练习 */;
			targetProxy = C977EEAA1F67D39A001C06D9 /* PBXContainerItemProxy */;
		};
		C977EEB61F67D39A001C06D9 /* PBXTargetDependency */ = {
			isa = PBXTargetDependency;
			target = C977EE8F1F67D399001C06D9 /* 练习 */;
			targetProxy = C977EEB51F67D39A001C06D9 /* PBXContainerItemProxy */;
		};
/* End PBXTargetDependency section */

/* Begin PBXVariantGroup section */
		C977EEA11F67D399001C06D9 /* LaunchScreen.storyboard */ = {
			isa = PBXVariantGroup;
			children = (
				C977EEA21F67D399001C06D9 /* Base */,
			);
			name = LaunchScreen.storyboard;
			sourceTree = "<group>";
		};
/* End PBXVariantGroup section */

/* Begin XCBuildConfiguration section */
		C977EEBB1F67D39A001C06D9 /* Debug */ = {
			isa = XCBuildConfiguration;
			buildSettings = {
				ALWAYS_SEARCH_USER_PATHS = NO;
				CLANG_ANALYZER_NONNULL = YES;
				CLANG_ANALYZER_NUMBER_OBJECT_CONVERSION = YES_AGGRESSIVE;
				CLANG_CXX_LANGUAGE_STANDARD = "gnu++0x";
				CLANG_CXX_LIBRARY = "libc++";
				CLANG_ENABLE_MODULES = YES;
				CLANG_ENABLE_OBJC_ARC = YES;
				CLANG_WARN_BOOL_CONVERSION = YES;
				CLANG_WARN_CONSTANT_CONVERSION = YES;
				CLANG_WARN_DIRECT_OBJC_ISA_USAGE = YES_ERROR;
				CLANG_WARN_DOCUMENTATION_COMMENTS = YES;
				CLANG_WARN_EMPTY_BODY = YES;
				CLANG_WARN_ENUM_CONVERSION = YES;
				CLANG_WARN_INFINITE_RECURSION = YES;
				CLANG_WARN_INT_CONVERSION = YES;
				CLANG_WARN_OBJC_ROOT_CLASS = YES_ERROR;
				CLANG_WARN_SUSPICIOUS_MOVE = YES;
				CLANG_WARN_UNREACHABLE_CODE = YES;
				CLANG_WARN__DUPLICATE_METHOD_MATCH = YES;
				"CODE_SIGN_IDENTITY[sdk=iphoneos*]" = "iPhone Developer";
				COPY_PHASE_STRIP = NO;
				DEBUG_INFORMATION_FORMAT = dwarf;
				ENABLE_STRICT_OBJC_MSGSEND = YES;
				ENABLE_TESTABILITY = YES;
				GCC_C_LANGUAGE_STANDARD = gnu99;
				GCC_DYNAMIC_NO_PIC = NO;
				GCC_NO_COMMON_BLOCKS = YES;
				GCC_OPTIMIZATION_LEVEL = 0;
				GCC_PREPROCESSOR_DEFINITIONS = (
					"DEBUG=1",
					"$(inherited)",
				);
				GCC_WARN_64_TO_32_BIT_CONVERSION = YES;
				GCC_WARN_ABOUT_RETURN_TYPE = YES_ERROR;
				GCC_WARN_UNDECLARED_SELECTOR = YES;
				GCC_WARN_UNINITIALIZED_AUTOS = YES_AGGRESSIVE;
				GCC_WARN_UNUSED_FUNCTION = YES;
				GCC_WARN_UNUSED_VARIABLE = YES;
				IPHONEOS_DEPLOYMENT_TARGET = 10.3;
				MTL_ENABLE_DEBUG_INFO = YES;
				ONLY_ACTIVE_ARCH = YES;
				SDKROOT = iphoneos;
			};
			name = Debug;
		};
		C977EEBC1F67D39A001C06D9 /* Release */ = {
			isa = XCBuildConfiguration;
			buildSettings = {
				ALWAYS_SEARCH_USER_PATHS = NO;
				CLANG_ANALYZER_NONNULL = YES;
				CLANG_ANALYZER_NUMBER_OBJECT_CONVERSION = YES_AGGRESSIVE;
				CLANG_CXX_LANGUAGE_STANDARD = "gnu++0x";
				CLANG_CXX_LIBRARY = "libc++";
				CLANG_ENABLE_MODULES = YES;
				CLANG_ENABLE_OBJC_ARC = YES;
				CLANG_WARN_BOOL_CONVERSION = YES;
				CLANG_WARN_CONSTANT_CONVERSION = YES;
				CLANG_WARN_DIRECT_OBJC_ISA_USAGE = YES_ERROR;
				CLANG_WARN_DOCUMENTATION_COMMENTS = YES;
				CLANG_WARN_EMPTY_BODY = YES;
				CLANG_WARN_ENUM_CONVERSION = YES;
				CLANG_WARN_INFINITE_RECURSION = YES;
				CLANG_WARN_INT_CONVERSION = YES;
				CLANG_WARN_OBJC_ROOT_CLASS = YES_ERROR;
				CLANG_WARN_SUSPICIOUS_MOVE = YES;
				CLANG_WARN_UNREACHABLE_CODE = YES;
				CLANG_WARN__DUPLICATE_METHOD_MATCH = YES;
				"CODE_SIGN_IDENTITY[sdk=iphoneos*]" = "iPhone Developer";
				COPY_PHASE_STRIP = NO;
				DEBUG_INFORMATION_FORMAT = "dwarf-with-dsym";
				ENABLE_NS_ASSERTIONS = NO;
				ENABLE_STRICT_OBJC_MSGSEND = YES;
				GCC_C_LANGUAGE_STANDARD = gnu99;
				GCC_NO_COMMON_BLOCKS = YES;
				GCC_WARN_64_TO_32_BIT_CONVERSION = YES;
				GCC_WARN_ABOUT_RETURN_TYPE = YES_ERROR;
				GCC_WARN_UNDECLARED_SELECTOR = YES;
				GCC_WARN_UNINITIALIZED_AUTOS = YES_AGGRESSIVE;
				GCC_WARN_UNUSED_FUNCTION = YES;
				GCC_WARN_UNUSED_VARIABLE = YES;
				IPHONEOS_DEPLOYMENT_TARGET = 10.3;
				MTL_ENABLE_DEBUG_INFO = NO;
				SDKROOT = iphoneos;
				VALIDATE_PRODUCT = YES;
			};
			name = Release;
		};
		C977EEBE1F67D39A001C06D9 /* Debug */ = {
			isa = XCBuildConfiguration;
			buildSettings = {
				ASSETCATALOG_COMPILER_APPICON_NAME = AppIcon;
				DEVELOPMENT_TEAM = 27A9PVFTM4;
				INFOPLIST_FILE = "练习/Info.plist";
				LD_RUNPATH_SEARCH_PATHS = "$(inherited) @executable_path/Frameworks";
				PRODUCT_BUNDLE_IDENTIFIER = "com.sandouchan.--";
				PRODUCT_NAME = "$(TARGET_NAME)";
			};
			name = Debug;
		};
		C977EEBF1F67D39A001C06D9 /* Release */ = {
			isa = XCBuildConfiguration;
			buildSettings = {
				ASSETCATALOG_COMPILER_APPICON_NAME = AppIcon;
				DEVELOPMENT_TEAM = 27A9PVFTM4;
				INFOPLIST_FILE = "练习/Info.plist";
				LD_RUNPATH_SEARCH_PATHS = "$(inherited) @executable_path/Frameworks";
				PRODUCT_BUNDLE_IDENTIFIER = "com.sandouchan.--";
				PRODUCT_NAME = "$(TARGET_NAME)";
			};
			name = Release;
		};
		C977EEC11F67D39A001C06D9 /* Debug */ = {
			isa = XCBuildConfiguration;
			buildSettings = {
				BUNDLE_LOADER = "$(TEST_HOST)";
				DEVELOPMENT_TEAM = 27A9PVFTM4;
				INFOPLIST_FILE = "练习Tests/Info.plist";
				LD_RUNPATH_SEARCH_PATHS = "$(inherited) @executable_path/Frameworks @loader_path/Frameworks";
				PRODUCT_BUNDLE_IDENTIFIER = "com.sandouchan.--Tests";
				PRODUCT_NAME = "$(TARGET_NAME)";
				TEST_HOST = "$(BUILT_PRODUCTS_DIR)/练习.app/练习";
			};
			name = Debug;
		};
		C977EEC21F67D39A001C06D9 /* Release */ = {
			isa = XCBuildConfiguration;
			buildSettings = {
				BUNDLE_LOADER = "$(TEST_HOST)";
				DEVELOPMENT_TEAM = 27A9PVFTM4;
				INFOPLIST_FILE = "练习Tests/Info.plist";
				LD_RUNPATH_SEARCH_PATHS = "$(inherited) @executable_path/Frameworks @loader_path/Frameworks";
				PRODUCT_BUNDLE_IDENTIFIER = "com.sandouchan.--Tests";
				PRODUCT_NAME = "$(TARGET_NAME)";
				TEST_HOST = "$(BUILT_PRODUCTS_DIR)/练习.app/练习";
			};
			name = Release;
		};
		C977EEC41F67D39A001C06D9 /* Debug */ = {
			isa = XCBuildConfiguration;
			buildSettings = {
				DEVELOPMENT_TEAM = 27A9PVFTM4;
				INFOPLIST_FILE = "练习UITests/Info.plist";
				LD_RUNPATH_SEARCH_PATHS = "$(inherited) @executable_path/Frameworks @loader_path/Frameworks";
				PRODUCT_BUNDLE_IDENTIFIER = "com.sandouchan.--UITests";
				PRODUCT_NAME = "$(TARGET_NAME)";
				TEST_TARGET_NAME = "练习";
			};
			name = Debug;
		};
		C977EEC51F67D39A001C06D9 /* Release */ = {
			isa = XCBuildConfiguration;
			buildSettings = {
				DEVELOPMENT_TEAM = 27A9PVFTM4;
				INFOPLIST_FILE = "练习UITests/Info.plist";
				LD_RUNPATH_SEARCH_PATHS = "$(inherited) @executable_path/Frameworks @loader_path/Frameworks";
				PRODUCT_BUNDLE_IDENTIFIER = "com.sandouchan.--UITests";
				PRODUCT_NAME = "$(TARGET_NAME)";
				TEST_TARGET_NAME = "练习";
			};
			name = Release;
		};
/* End XCBuildConfiguration section */

/* Begin XCConfigurationList section */
		C977EE8B1F67D399001C06D9 /* Build configuration list for PBXProject "练习" */ = {
			isa = XCConfigurationList;
			buildConfigurations = (
				C977EEBB1F67D39A001C06D9 /* Debug */,
				C977EEBC1F67D39A001C06D9 /* Release */,
			);
			defaultConfigurationIsVisible = 0;
			defaultConfigurationName = Release;
		};
		C977EEBD1F67D39A001C06D9 /* Build configuration list for PBXNativeTarget "练习" */ = {
			isa = XCConfigurationList;
			buildConfigurations = (
				C977EEBE1F67D39A001C06D9 /* Debug */,
				C977EEBF1F67D39A001C06D9 /* Release */,
			);
			defaultConfigurationIsVisible = 0;
		};
		C977EEC01F67D39A001C06D9 /* Build configuration list for PBXNativeTarget "练习Tests" */ = {
			isa = XCConfigurationList;
			buildConfigurations = (
				C977EEC11F67D39A001C06D9 /* Debug */,
				C977EEC21F67D39A001C06D9 /* Release */,
			);
			defaultConfigurationIsVisible = 0;
		};
		C977EEC31F67D39A001C06D9 /* Build configuration list for PBXNativeTarget "练习UITests" */ = {
			isa = XCConfigurationList;
			buildConfigurations = (
				C977EEC41F67D39A001C06D9 /* Debug */,
				C977EEC51F67D39A001C06D9 /* Release */,
			);
			defaultConfigurationIsVisible = 0;
		};
/* End XCConfigurationList section */
	};
	rootObject = C977EE881F67D399001C06D9 /* Project object */;
}
