// !$*UTF8*$!
{
	archiveVersion = 1;
	classes = {
	};
	objectVersion = 48;
	objects = {

/* Begin PBXBuildFile section */
		3C710034E6E5B25AD63E0D9D /* Pods_weibo_swift.framework in Frameworks */ = {isa = PBXBuildFile; fileRef = 751D998DC01F31BA7A98FDE6 /* Pods_weibo_swift.framework */; };
		C924E7512015BC2C00D1F912 /* MainVCSettings.json in Resources */ = {isa = PBXBuildFile; fileRef = C924E7502015BC2B00D1F912 /* MainVCSettings.json */; };
		C92EEA7C2011CF32008F8BE1 /* AppDelegate.swift in Sources */ = {isa = PBXBuildFile; fileRef = C92EEA7B2011CF32008F8BE1 /* AppDelegate.swift */; };
		C92EEA812011CF32008F8BE1 /* Main.storyboard in Resources */ = {isa = PBXBuildFile; fileRef = C92EEA7F2011CF32008F8BE1 /* Main.storyboard */; };
		C92EEA832011CF32008F8BE1 /* Assets.xcassets in Resources */ = {isa = PBXBuildFile; fileRef = C92EEA822011CF32008F8BE1 /* Assets.xcassets */; };
		C92EEA912011CF32008F8BE1 /* weibo_swiftTests.swift in Sources */ = {isa = PBXBuildFile; fileRef = C92EEA902011CF32008F8BE1 /* weibo_swiftTests.swift */; };
		C92EEA9C2011CF32008F8BE1 /* weibo_swiftUITests.swift in Sources */ = {isa = PBXBuildFile; fileRef = C92EEA9B2011CF32008F8BE1 /* weibo_swiftUITests.swift */; };
		C98FFCD220201AD90072FB4A /* UserAccountTool.swift in Sources */ = {isa = PBXBuildFile; fileRef = C98FFCD120201AD90072FB4A /* UserAccountTool.swift */; };
		C98FFCD62020255A0072FB4A /* WelcomeViewController.swift in Sources */ = {isa = PBXBuildFile; fileRef = C98FFCD42020255A0072FB4A /* WelcomeViewController.swift */; };
		C98FFCD72020255A0072FB4A /* WelcomeViewController.xib in Resources */ = {isa = PBXBuildFile; fileRef = C98FFCD52020255A0072FB4A /* WelcomeViewController.xib */; };
		C98FFCD9202069B90072FB4A /* StatusModel.swift in Sources */ = {isa = PBXBuildFile; fileRef = C98FFCD8202069B90072FB4A /* StatusModel.swift */; };
		C98FFCDB2022B2110072FB4A /* NSDate-Extension.swift in Sources */ = {isa = PBXBuildFile; fileRef = C98FFCDA2022B2110072FB4A /* NSDate-Extension.swift */; };
		C98FFCDD2022BDC10072FB4A /* UserModel.swift in Sources */ = {isa = PBXBuildFile; fileRef = C98FFCDC2022BDC10072FB4A /* UserModel.swift */; };
		C98FFCDF2022C3F30072FB4A /* StatusViewModel.swift in Sources */ = {isa = PBXBuildFile; fileRef = C98FFCDE2022C3F30072FB4A /* StatusViewModel.swift */; };
		C98FFCE12022F4130072FB4A /* HomeViewCell.swift in Sources */ = {isa = PBXBuildFile; fileRef = C98FFCE02022F4130072FB4A /* HomeViewCell.swift */; };
		C9BDC8AE2016CF0C00CE3FEB /* Home.storyboard in Resources */ = {isa = PBXBuildFile; fileRef = C9BDC8AD2016CF0C00CE3FEB /* Home.storyboard */; };
		C9BDC8B32016D0F400CE3FEB /* Discover.storyboard in Resources */ = {isa = PBXBuildFile; fileRef = C9BDC8B22016D0F400CE3FEB /* Discover.storyboard */; };
		C9BDC8BA2016D50600CE3FEB /* Message.storyboard in Resources */ = {isa = PBXBuildFile; fileRef = C9BDC8B92016D50600CE3FEB /* Message.storyboard */; };
		C9BDC8BC2016D52D00CE3FEB /* Profile.storyboard in Resources */ = {isa = PBXBuildFile; fileRef = C9BDC8BB2016D52C00CE3FEB /* Profile.storyboard */; };
		C9E03F202016E6E8009363FB /* UIButton-Extension.swift in Sources */ = {isa = PBXBuildFile; fileRef = C9E03F1F2016E6E8009363FB /* UIButton-Extension.swift */; };
		C9E03F2720171286009363FB /* BaseViewController.swift in Sources */ = {isa = PBXBuildFile; fileRef = C9E03F2620171286009363FB /* BaseViewController.swift */; };
		C9E03F29201713B0009363FB /* VisitorView.swift in Sources */ = {isa = PBXBuildFile; fileRef = C9E03F28201713B0009363FB /* VisitorView.swift */; };
		C9E03F2B20171411009363FB /* VisitorView.xib in Resources */ = {isa = PBXBuildFile; fileRef = C9E03F2A20171411009363FB /* VisitorView.xib */; };
		C9E03F2F20174369009363FB /* UIBarButtonItem-Extension.swift in Sources */ = {isa = PBXBuildFile; fileRef = C9E03F2E20174369009363FB /* UIBarButtonItem-Extension.swift */; };
		C9E03F3320185C0C009363FB /* PopoverViewController.swift in Sources */ = {isa = PBXBuildFile; fileRef = C9E03F3120185C0C009363FB /* PopoverViewController.swift */; };
		C9E03F3420185C0C009363FB /* PopoverViewController.xib in Resources */ = {isa = PBXBuildFile; fileRef = C9E03F3220185C0C009363FB /* PopoverViewController.xib */; };
		C9FA6E1F2019CA9D007BA529 /* NetWorkTools.swift in Sources */ = {isa = PBXBuildFile; fileRef = C9FA6E1E2019CA9D007BA529 /* NetWorkTools.swift */; };
		C9FA6E23201B0CAE007BA529 /* OAuthViewController.swift in Sources */ = {isa = PBXBuildFile; fileRef = C9FA6E21201B0CAE007BA529 /* OAuthViewController.swift */; };
		C9FA6E24201B0CAE007BA529 /* OAuthViewController.xib in Resources */ = {isa = PBXBuildFile; fileRef = C9FA6E22201B0CAE007BA529 /* OAuthViewController.xib */; };
		C9FA6E26201B1D29007BA529 /* Common.swift in Sources */ = {isa = PBXBuildFile; fileRef = C9FA6E25201B1D29007BA529 /* Common.swift */; };
		C9FA6E28201B3839007BA529 /* UserAccount.swift in Sources */ = {isa = PBXBuildFile; fileRef = C9FA6E27201B3839007BA529 /* UserAccount.swift */; };
		C9FE1AF12011F447002ABC12 /* MainViewController.swift in Sources */ = {isa = PBXBuildFile; fileRef = C9FE1AF02011F447002ABC12 /* MainViewController.swift */; };
		C9FE1AF52011F5C4002ABC12 /* HomeViewController.swift in Sources */ = {isa = PBXBuildFile; fileRef = C9FE1AF42011F5C4002ABC12 /* HomeViewController.swift */; };
		C9FE1AF72011F5D5002ABC12 /* DiscoverViewController.swift in Sources */ = {isa = PBXBuildFile; fileRef = C9FE1AF62011F5D5002ABC12 /* DiscoverViewController.swift */; };
		C9FE1AF92011F5E4002ABC12 /* MessageViewController.swift in Sources */ = {isa = PBXBuildFile; fileRef = C9FE1AF82011F5E4002ABC12 /* MessageViewController.swift */; };
		C9FE1AFB2011F5FA002ABC12 /* ProfileViewController.swift in Sources */ = {isa = PBXBuildFile; fileRef = C9FE1AFA2011F5FA002ABC12 /* ProfileViewController.swift */; };
/* End PBXBuildFile section */

/* Begin PBXContainerItemProxy section */
		C92EEA8D2011CF32008F8BE1 /* PBXContainerItemProxy */ = {
			isa = PBXContainerItemProxy;
			containerPortal = C92EEA702011CF32008F8BE1 /* Project object */;
			proxyType = 1;
			remoteGlobalIDString = C92EEA772011CF32008F8BE1;
			remoteInfo = "weibo-swift";
		};
		C92EEA982011CF32008F8BE1 /* PBXContainerItemProxy */ = {
			isa = PBXContainerItemProxy;
			containerPortal = C92EEA702011CF32008F8BE1 /* Project object */;
			proxyType = 1;
			remoteGlobalIDString = C92EEA772011CF32008F8BE1;
			remoteInfo = "weibo-swift";
		};
/* End PBXContainerItemProxy section */

/* Begin PBXFileReference section */
		47610D4735F89115182FC164 /* Pods-weibo-swift.debug.xcconfig */ = {isa = PBXFileReference; includeInIndex = 1; lastKnownFileType = text.xcconfig; name = "Pods-weibo-swift.debug.xcconfig"; path = "Pods/Target Support Files/Pods-weibo-swift/Pods-weibo-swift.debug.xcconfig"; sourceTree = "<group>"; };
		617E835C8BF34D31733CB566 /* Pods_weibo_swiftUITests.framework */ = {isa = PBXFileReference; explicitFileType = wrapper.framework; includeInIndex = 0; path = Pods_weibo_swiftUITests.framework; sourceTree = BUILT_PRODUCTS_DIR; };
		751D998DC01F31BA7A98FDE6 /* Pods_weibo_swift.framework */ = {isa = PBXFileReference; explicitFileType = wrapper.framework; includeInIndex = 0; path = Pods_weibo_swift.framework; sourceTree = BUILT_PRODUCTS_DIR; };
		C924E7502015BC2B00D1F912 /* MainVCSettings.json */ = {isa = PBXFileReference; fileEncoding = 4; lastKnownFileType = text.json; path = MainVCSettings.json; sourceTree = "<group>"; };
		C92EEA782011CF32008F8BE1 /* weibo-swift.app */ = {isa = PBXFileReference; explicitFileType = wrapper.application; includeInIndex = 0; path = "weibo-swift.app"; sourceTree = BUILT_PRODUCTS_DIR; };
		C92EEA7B2011CF32008F8BE1 /* AppDelegate.swift */ = {isa = PBXFileReference; lastKnownFileType = sourcecode.swift; path = AppDelegate.swift; sourceTree = "<group>"; };
		C92EEA802011CF32008F8BE1 /* Base */ = {isa = PBXFileReference; lastKnownFileType = file.storyboard; name = Base; path = Base.lproj/Main.storyboard; sourceTree = "<group>"; };
		C92EEA822011CF32008F8BE1 /* Assets.xcassets */ = {isa = PBXFileReference; lastKnownFileType = folder.assetcatalog; path = Assets.xcassets; sourceTree = "<group>"; };
		C92EEA872011CF32008F8BE1 /* Info.plist */ = {isa = PBXFileReference; lastKnownFileType = text.plist.xml; path = Info.plist; sourceTree = "<group>"; };
		C92EEA8C2011CF32008F8BE1 /* weibo-swiftTests.xctest */ = {isa = PBXFileReference; explicitFileType = wrapper.cfbundle; includeInIndex = 0; path = "weibo-swiftTests.xctest"; sourceTree = BUILT_PRODUCTS_DIR; };
		C92EEA902011CF32008F8BE1 /* weibo_swiftTests.swift */ = {isa = PBXFileReference; lastKnownFileType = sourcecode.swift; path = weibo_swiftTests.swift; sourceTree = "<group>"; };
		C92EEA922011CF32008F8BE1 /* Info.plist */ = {isa = PBXFileReference; lastKnownFileType = text.plist.xml; path = Info.plist; sourceTree = "<group>"; };
		C92EEA972011CF32008F8BE1 /* weibo-swiftUITests.xctest */ = {isa = PBXFileReference; explicitFileType = wrapper.cfbundle; includeInIndex = 0; path = "weibo-swiftUITests.xctest"; sourceTree = BUILT_PRODUCTS_DIR; };
		C92EEA9B2011CF32008F8BE1 /* weibo_swiftUITests.swift */ = {isa = PBXFileReference; lastKnownFileType = sourcecode.swift; path = weibo_swiftUITests.swift; sourceTree = "<group>"; };
		C92EEA9D2011CF32008F8BE1 /* Info.plist */ = {isa = PBXFileReference; lastKnownFileType = text.plist.xml; path = Info.plist; sourceTree = "<group>"; };
		C98FFCD120201AD90072FB4A /* UserAccountTool.swift */ = {isa = PBXFileReference; lastKnownFileType = sourcecode.swift; path = UserAccountTool.swift; sourceTree = "<group>"; };
		C98FFCD42020255A0072FB4A /* WelcomeViewController.swift */ = {isa = PBXFileReference; lastKnownFileType = sourcecode.swift; path = WelcomeViewController.swift; sourceTree = "<group>"; };
		C98FFCD52020255A0072FB4A /* WelcomeViewController.xib */ = {isa = PBXFileReference; lastKnownFileType = file.xib; path = WelcomeViewController.xib; sourceTree = "<group>"; };
		C98FFCD8202069B90072FB4A /* StatusModel.swift */ = {isa = PBXFileReference; lastKnownFileType = sourcecode.swift; path = StatusModel.swift; sourceTree = "<group>"; };
		C98FFCDA2022B2110072FB4A /* NSDate-Extension.swift */ = {isa = PBXFileReference; lastKnownFileType = sourcecode.swift; path = "NSDate-Extension.swift"; sourceTree = "<group>"; };
		C98FFCDC2022BDC10072FB4A /* UserModel.swift */ = {isa = PBXFileReference; lastKnownFileType = sourcecode.swift; path = UserModel.swift; sourceTree = "<group>"; };
		C98FFCDE2022C3F30072FB4A /* StatusViewModel.swift */ = {isa = PBXFileReference; lastKnownFileType = sourcecode.swift; path = StatusViewModel.swift; sourceTree = "<group>"; };
		C98FFCE02022F4130072FB4A /* HomeViewCell.swift */ = {isa = PBXFileReference; lastKnownFileType = sourcecode.swift; path = HomeViewCell.swift; sourceTree = "<group>"; };
		C9BDC8AD2016CF0C00CE3FEB /* Home.storyboard */ = {isa = PBXFileReference; fileEncoding = 4; lastKnownFileType = file.storyboard; path = Home.storyboard; sourceTree = "<group>"; };
		C9BDC8B22016D0F400CE3FEB /* Discover.storyboard */ = {isa = PBXFileReference; fileEncoding = 4; lastKnownFileType = file.storyboard; path = Discover.storyboard; sourceTree = "<group>"; };
		C9BDC8B92016D50600CE3FEB /* Message.storyboard */ = {isa = PBXFileReference; fileEncoding = 4; lastKnownFileType = file.storyboard; path = Message.storyboard; sourceTree = "<group>"; };
		C9BDC8BB2016D52C00CE3FEB /* Profile.storyboard */ = {isa = PBXFileReference; fileEncoding = 4; lastKnownFileType = file.storyboard; path = Profile.storyboard; sourceTree = "<group>"; };
		C9E03F1F2016E6E8009363FB /* UIButton-Extension.swift */ = {isa = PBXFileReference; lastKnownFileType = sourcecode.swift; path = "UIButton-Extension.swift"; sourceTree = "<group>"; };
		C9E03F2620171286009363FB /* BaseViewController.swift */ = {isa = PBXFileReference; fileEncoding = 4; lastKnownFileType = sourcecode.swift; path = BaseViewController.swift; sourceTree = "<group>"; };
		C9E03F28201713B0009363FB /* VisitorView.swift */ = {isa = PBXFileReference; lastKnownFileType = sourcecode.swift; path = VisitorView.swift; sourceTree = "<group>"; };
		C9E03F2A20171411009363FB /* VisitorView.xib */ = {isa = PBXFileReference; lastKnownFileType = file.xib; path = VisitorView.xib; sourceTree = "<group>"; };
		C9E03F2E20174369009363FB /* UIBarButtonItem-Extension.swift */ = {isa = PBXFileReference; lastKnownFileType = sourcecode.swift; path = "UIBarButtonItem-Extension.swift"; sourceTree = "<group>"; };
		C9E03F3120185C0C009363FB /* PopoverViewController.swift */ = {isa = PBXFileReference; lastKnownFileType = sourcecode.swift; path = PopoverViewController.swift; sourceTree = "<group>"; };
		C9E03F3220185C0C009363FB /* PopoverViewController.xib */ = {isa = PBXFileReference; lastKnownFileType = file.xib; path = PopoverViewController.xib; sourceTree = "<group>"; };
		C9FA6E1E2019CA9D007BA529 /* NetWorkTools.swift */ = {isa = PBXFileReference; lastKnownFileType = sourcecode.swift; path = NetWorkTools.swift; sourceTree = "<group>"; };
		C9FA6E21201B0CAE007BA529 /* OAuthViewController.swift */ = {isa = PBXFileReference; lastKnownFileType = sourcecode.swift; path = OAuthViewController.swift; sourceTree = "<group>"; };
		C9FA6E22201B0CAE007BA529 /* OAuthViewController.xib */ = {isa = PBXFileReference; lastKnownFileType = file.xib; path = OAuthViewController.xib; sourceTree = "<group>"; };
		C9FA6E25201B1D29007BA529 /* Common.swift */ = {isa = PBXFileReference; lastKnownFileType = sourcecode.swift; path = Common.swift; sourceTree = "<group>"; };
		C9FA6E27201B3839007BA529 /* UserAccount.swift */ = {isa = PBXFileReference; lastKnownFileType = sourcecode.swift; path = UserAccount.swift; sourceTree = "<group>"; };
		C9FE1AF02011F447002ABC12 /* MainViewController.swift */ = {isa = PBXFileReference; lastKnownFileType = sourcecode.swift; path = MainViewController.swift; sourceTree = "<group>"; };
		C9FE1AF42011F5C4002ABC12 /* HomeViewController.swift */ = {isa = PBXFileReference; lastKnownFileType = sourcecode.swift; path = HomeViewController.swift; sourceTree = "<group>"; };
		C9FE1AF62011F5D5002ABC12 /* DiscoverViewController.swift */ = {isa = PBXFileReference; lastKnownFileType = sourcecode.swift; path = DiscoverViewController.swift; sourceTree = "<group>"; };
		C9FE1AF82011F5E4002ABC12 /* MessageViewController.swift */ = {isa = PBXFileReference; lastKnownFileType = sourcecode.swift; path = MessageViewController.swift; sourceTree = "<group>"; };
		C9FE1AFA2011F5FA002ABC12 /* ProfileViewController.swift */ = {isa = PBXFileReference; lastKnownFileType = sourcecode.swift; path = ProfileViewController.swift; sourceTree = "<group>"; };
		E2A2CA3EBE49CFAB138D1609 /* Pods_weibo_swiftTests.framework */ = {isa = PBXFileReference; explicitFileType = wrapper.framework; includeInIndex = 0; path = Pods_weibo_swiftTests.framework; sourceTree = BUILT_PRODUCTS_DIR; };
		F07F1D3B66B844B23B50D643 /* Pods-weibo-swift.release.xcconfig */ = {isa = PBXFileReference; includeInIndex = 1; lastKnownFileType = text.xcconfig; name = "Pods-weibo-swift.release.xcconfig"; path = "Pods/Target Support Files/Pods-weibo-swift/Pods-weibo-swift.release.xcconfig"; sourceTree = "<group>"; };
/* End PBXFileReference section */

/* Begin PBXFrameworksBuildPhase section */
		C92EEA752011CF32008F8BE1 /* Frameworks */ = {
			isa = PBXFrameworksBuildPhase;
			buildActionMask = 2147483647;
			files = (
				3C710034E6E5B25AD63E0D9D /* Pods_weibo_swift.framework in Frameworks */,
			);
			runOnlyForDeploymentPostprocessing = 0;
		};
		C92EEA892011CF32008F8BE1 /* Frameworks */ = {
			isa = PBXFrameworksBuildPhase;
			buildActionMask = 2147483647;
			files = (
			);
			runOnlyForDeploymentPostprocessing = 0;
		};
		C92EEA942011CF32008F8BE1 /* Frameworks */ = {
			isa = PBXFrameworksBuildPhase;
			buildActionMask = 2147483647;
			files = (
			);
			runOnlyForDeploymentPostprocessing = 0;
		};
/* End PBXFrameworksBuildPhase section */

/* Begin PBXGroup section */
		325407812BA3B4CE40A685D7 /* Frameworks */ = {
			isa = PBXGroup;
			children = (
				751D998DC01F31BA7A98FDE6 /* Pods_weibo_swift.framework */,
				E2A2CA3EBE49CFAB138D1609 /* Pods_weibo_swiftTests.framework */,
				617E835C8BF34D31733CB566 /* Pods_weibo_swiftUITests.framework */,
			);
			name = Frameworks;
			sourceTree = "<group>";
		};
		A68C7ED95A71C734A3C5EFBF /* Pods */ = {
			isa = PBXGroup;
			children = (
				47610D4735F89115182FC164 /* Pods-weibo-swift.debug.xcconfig */,
				F07F1D3B66B844B23B50D643 /* Pods-weibo-swift.release.xcconfig */,
			);
			name = Pods;
			sourceTree = "<group>";
		};
		C924E74F2015BC2B00D1F912 /* Resource */ = {
			isa = PBXGroup;
			children = (
				C924E7502015BC2B00D1F912 /* MainVCSettings.json */,
			);
			path = Resource;
			sourceTree = "<group>";
		};
		C92EEA6F2011CF32008F8BE1 = {
			isa = PBXGroup;
			children = (
				C92EEA7A2011CF32008F8BE1 /* weibo-swift */,
				C92EEA8F2011CF32008F8BE1 /* weibo-swiftTests */,
				C92EEA9A2011CF32008F8BE1 /* weibo-swiftUITests */,
				C92EEA792011CF32008F8BE1 /* Products */,
				A68C7ED95A71C734A3C5EFBF /* Pods */,
				325407812BA3B4CE40A685D7 /* Frameworks */,
			);
			sourceTree = "<group>";
		};
		C92EEA792011CF32008F8BE1 /* Products */ = {
			isa = PBXGroup;
			children = (
				C92EEA782011CF32008F8BE1 /* weibo-swift.app */,
				C92EEA8C2011CF32008F8BE1 /* weibo-swiftTests.xctest */,
				C92EEA972011CF32008F8BE1 /* weibo-swiftUITests.xctest */,
			);
			name = Products;
			sourceTree = "<group>";
		};
		C92EEA7A2011CF32008F8BE1 /* weibo-swift */ = {
			isa = PBXGroup;
			children = (
				C9FE1AE02011ED92002ABC12 /* Classes */,
				C9E03F1D2016E655009363FB /* Tools(工具) */,
				C924E74F2015BC2B00D1F912 /* Resource */,
				C92EEA822011CF32008F8BE1 /* Assets.xcassets */,
				C92EEA872011CF32008F8BE1 /* Info.plist */,
			);
			path = "weibo-swift";
			sourceTree = "<group>";
		};
		C92EEA8F2011CF32008F8BE1 /* weibo-swiftTests */ = {
			isa = PBXGroup;
			children = (
				C92EEA902011CF32008F8BE1 /* weibo_swiftTests.swift */,
				C92EEA922011CF32008F8BE1 /* Info.plist */,
			);
			path = "weibo-swiftTests";
			sourceTree = "<group>";
		};
		C92EEA9A2011CF32008F8BE1 /* weibo-swiftUITests */ = {
			isa = PBXGroup;
			children = (
				C92EEA9B2011CF32008F8BE1 /* weibo_swiftUITests.swift */,
				C92EEA9D2011CF32008F8BE1 /* Info.plist */,
			);
			path = "weibo-swiftUITests";
			sourceTree = "<group>";
		};
		C98FFCD3202025310072FB4A /* Welcome */ = {
			isa = PBXGroup;
			children = (
				C98FFCD42020255A0072FB4A /* WelcomeViewController.swift */,
				C98FFCD52020255A0072FB4A /* WelcomeViewController.xib */,
			);
			path = Welcome;
			sourceTree = "<group>";
		};
		C9E03F1D2016E655009363FB /* Tools(工具) */ = {
			isa = PBXGroup;
			children = (
				C9FA6E1D2019CA51007BA529 /* ServerInterface */,
				C9E03F1E2016E655009363FB /* Categories */,
				C9FA6E25201B1D29007BA529 /* Common.swift */,
			);
			name = "Tools(工具)";
			path = "Classes/Tools(工具)";
			sourceTree = "<group>";
		};
		C9E03F1E2016E655009363FB /* Categories */ = {
			isa = PBXGroup;
			children = (
				C9E03F1F2016E6E8009363FB /* UIButton-Extension.swift */,
				C9E03F2E20174369009363FB /* UIBarButtonItem-Extension.swift */,
				C98FFCDA2022B2110072FB4A /* NSDate-Extension.swift */,
			);
			path = Categories;
			sourceTree = "<group>";
		};
		C9E03F2520171286009363FB /* Visitor */ = {
			isa = PBXGroup;
			children = (
				C9E03F2620171286009363FB /* BaseViewController.swift */,
				C9E03F28201713B0009363FB /* VisitorView.swift */,
				C9E03F2A20171411009363FB /* VisitorView.xib */,
			);
			path = Visitor;
			sourceTree = "<group>";
		};
		C9E03F3020185BE0009363FB /* UIPopover */ = {
			isa = PBXGroup;
			children = (
				C9E03F3120185C0C009363FB /* PopoverViewController.swift */,
				C9E03F3220185C0C009363FB /* PopoverViewController.xib */,
			);
			path = UIPopover;
			sourceTree = "<group>";
		};
		C9FA6E1D2019CA51007BA529 /* ServerInterface */ = {
			isa = PBXGroup;
			children = (
				C9FA6E1E2019CA9D007BA529 /* NetWorkTools.swift */,
			);
			path = ServerInterface;
			sourceTree = "<group>";
		};
		C9FA6E20201B0C77007BA529 /* OAuth */ = {
			isa = PBXGroup;
			children = (
				C9FA6E21201B0CAE007BA529 /* OAuthViewController.swift */,
				C9FA6E22201B0CAE007BA529 /* OAuthViewController.xib */,
				C9FA6E27201B3839007BA529 /* UserAccount.swift */,
				C98FFCD120201AD90072FB4A /* UserAccountTool.swift */,
			);
			path = OAuth;
			sourceTree = "<group>";
		};
		C9FE1AE02011ED92002ABC12 /* Classes */ = {
			isa = PBXGroup;
			children = (
				C92EEA7B2011CF32008F8BE1 /* AppDelegate.swift */,
				C9FE1AE52011ED92002ABC12 /* Main(主要) */,
				C9FE1AE32011ED92002ABC12 /* Home(首页) */,
				C9FE1AE72011ED92002ABC12 /* Message(消息) */,
				C9FE1AE12011ED92002ABC12 /* Discover(发现) */,
				C9FE1AE92011ED92002ABC12 /* Profile(我) */,
			);
			path = Classes;
			sourceTree = "<group>";
		};
		C9FE1AE12011ED92002ABC12 /* Discover(发现) */ = {
			isa = PBXGroup;
			children = (
				C9BDC8B22016D0F400CE3FEB /* Discover.storyboard */,
				C9FE1AF62011F5D5002ABC12 /* DiscoverViewController.swift */,
			);
			path = "Discover(发现)";
			sourceTree = "<group>";
		};
		C9FE1AE32011ED92002ABC12 /* Home(首页) */ = {
			isa = PBXGroup;
			children = (
				C9BDC8AD2016CF0C00CE3FEB /* Home.storyboard */,
				C9FE1AF42011F5C4002ABC12 /* HomeViewController.swift */,
				C98FFCE02022F4130072FB4A /* HomeViewCell.swift */,
				C98FFCD8202069B90072FB4A /* StatusModel.swift */,
				C98FFCDC2022BDC10072FB4A /* UserModel.swift */,
				C98FFCDE2022C3F30072FB4A /* StatusViewModel.swift */,
				C9E03F3020185BE0009363FB /* UIPopover */,
			);
			path = "Home(首页)";
			sourceTree = "<group>";
		};
		C9FE1AE52011ED92002ABC12 /* Main(主要) */ = {
			isa = PBXGroup;
			children = (
				C92EEA7F2011CF32008F8BE1 /* Main.storyboard */,
				C9FE1AF02011F447002ABC12 /* MainViewController.swift */,
				C98FFCD3202025310072FB4A /* Welcome */,
				C9FA6E20201B0C77007BA529 /* OAuth */,
				C9E03F2520171286009363FB /* Visitor */,
			);
			path = "Main(主要)";
			sourceTree = "<group>";
		};
		C9FE1AE72011ED92002ABC12 /* Message(消息) */ = {
			isa = PBXGroup;
			children = (
				C9BDC8B92016D50600CE3FEB /* Message.storyboard */,
				C9FE1AF82011F5E4002ABC12 /* MessageViewController.swift */,
			);
			path = "Message(消息)";
			sourceTree = "<group>";
		};
		C9FE1AE92011ED92002ABC12 /* Profile(我) */ = {
			isa = PBXGroup;
			children = (
				C9BDC8BB2016D52C00CE3FEB /* Profile.storyboard */,
				C9FE1AFA2011F5FA002ABC12 /* ProfileViewController.swift */,
			);
			path = "Profile(我)";
			sourceTree = "<group>";
		};
/* End PBXGroup section */

/* Begin PBXNativeTarget section */
		C92EEA772011CF32008F8BE1 /* weibo-swift */ = {
			isa = PBXNativeTarget;
			buildConfigurationList = C92EEAA02011CF32008F8BE1 /* Build configuration list for PBXNativeTarget "weibo-swift" */;
			buildPhases = (
				90A84EC203B4DBC8543F76EB /* [CP] Check Pods Manifest.lock */,
				C92EEA742011CF32008F8BE1 /* Sources */,
				C92EEA752011CF32008F8BE1 /* Frameworks */,
				C92EEA762011CF32008F8BE1 /* Resources */,
				97C377FB0298E197C35F9BDE /* [CP] Embed Pods Frameworks */,
				83242F2398E6AB9958CF8E3A /* [CP] Copy Pods Resources */,
			);
			buildRules = (
			);
			dependencies = (
			);
			name = "weibo-swift";
			productName = "weibo-swift";
			productReference = C92EEA782011CF32008F8BE1 /* weibo-swift.app */;
			productType = "com.apple.product-type.application";
		};
		C92EEA8B2011CF32008F8BE1 /* weibo-swiftTests */ = {
			isa = PBXNativeTarget;
			buildConfigurationList = C92EEAA32011CF32008F8BE1 /* Build configuration list for PBXNativeTarget "weibo-swiftTests" */;
			buildPhases = (
				C92EEA882011CF32008F8BE1 /* Sources */,
				C92EEA892011CF32008F8BE1 /* Frameworks */,
				C92EEA8A2011CF32008F8BE1 /* Resources */,
			);
			buildRules = (
			);
			dependencies = (
				C92EEA8E2011CF32008F8BE1 /* PBXTargetDependency */,
			);
			name = "weibo-swiftTests";
			productName = "weibo-swiftTests";
			productReference = C92EEA8C2011CF32008F8BE1 /* weibo-swiftTests.xctest */;
			productType = "com.apple.product-type.bundle.unit-test";
		};
		C92EEA962011CF32008F8BE1 /* weibo-swiftUITests */ = {
			isa = PBXNativeTarget;
			buildConfigurationList = C92EEAA62011CF32008F8BE1 /* Build configuration list for PBXNativeTarget "weibo-swiftUITests" */;
			buildPhases = (
				C92EEA932011CF32008F8BE1 /* Sources */,
				C92EEA942011CF32008F8BE1 /* Frameworks */,
				C92EEA952011CF32008F8BE1 /* Resources */,
			);
			buildRules = (
			);
			dependencies = (
				C92EEA992011CF32008F8BE1 /* PBXTargetDependency */,
			);
			name = "weibo-swiftUITests";
			productName = "weibo-swiftUITests";
			productReference = C92EEA972011CF32008F8BE1 /* weibo-swiftUITests.xctest */;
			productType = "com.apple.product-type.bundle.ui-testing";
		};
/* End PBXNativeTarget section */

/* Begin PBXProject section */
		C92EEA702011CF32008F8BE1 /* Project object */ = {
			isa = PBXProject;
			attributes = {
				LastSwiftUpdateCheck = 0920;
				LastUpgradeCheck = 0920;
				ORGANIZATIONNAME = sandouchan;
				TargetAttributes = {
					C92EEA772011CF32008F8BE1 = {
						CreatedOnToolsVersion = 9.2;
						ProvisioningStyle = Automatic;
					};
					C92EEA8B2011CF32008F8BE1 = {
						CreatedOnToolsVersion = 9.2;
						ProvisioningStyle = Automatic;
						TestTargetID = C92EEA772011CF32008F8BE1;
					};
					C92EEA962011CF32008F8BE1 = {
						CreatedOnToolsVersion = 9.2;
						ProvisioningStyle = Automatic;
						TestTargetID = C92EEA772011CF32008F8BE1;
					};
				};
			};
			buildConfigurationList = C92EEA732011CF32008F8BE1 /* Build configuration list for PBXProject "weibo-swift" */;
			compatibilityVersion = "Xcode 8.0";
			developmentRegion = en;
			hasScannedForEncodings = 0;
			knownRegions = (
				en,
				Base,
			);
			mainGroup = C92EEA6F2011CF32008F8BE1;
			productRefGroup = C92EEA792011CF32008F8BE1 /* Products */;
			projectDirPath = "";
			projectRoot = "";
			targets = (
				C92EEA772011CF32008F8BE1 /* weibo-swift */,
				C92EEA8B2011CF32008F8BE1 /* weibo-swiftTests */,
				C92EEA962011CF32008F8BE1 /* weibo-swiftUITests */,
			);
		};
/* End PBXProject section */

/* Begin PBXResourcesBuildPhase section */
		C92EEA762011CF32008F8BE1 /* Resources */ = {
			isa = PBXResourcesBuildPhase;
			buildActionMask = 2147483647;
			files = (
				C9FA6E24201B0CAE007BA529 /* OAuthViewController.xib in Resources */,
				C92EEA832011CF32008F8BE1 /* Assets.xcassets in Resources */,
				C92EEA812011CF32008F8BE1 /* Main.storyboard in Resources */,
				C9E03F3420185C0C009363FB /* PopoverViewController.xib in Resources */,
				C924E7512015BC2C00D1F912 /* MainVCSettings.json in Resources */,
				C98FFCD72020255A0072FB4A /* WelcomeViewController.xib in Resources */,
				C9E03F2B20171411009363FB /* VisitorView.xib in Resources */,
				C9BDC8AE2016CF0C00CE3FEB /* Home.storyboard in Resources */,
				C9BDC8B32016D0F400CE3FEB /* Discover.storyboard in Resources */,
				C9BDC8BC2016D52D00CE3FEB /* Profile.storyboard in Resources */,
				C9BDC8BA2016D50600CE3FEB /* Message.storyboard in Resources */,
			);
			runOnlyForDeploymentPostprocessing = 0;
		};
		C92EEA8A2011CF32008F8BE1 /* Resources */ = {
			isa = PBXResourcesBuildPhase;
			buildActionMask = 2147483647;
			files = (
			);
			runOnlyForDeploymentPostprocessing = 0;
		};
		C92EEA952011CF32008F8BE1 /* Resources */ = {
			isa = PBXResourcesBuildPhase;
			buildActionMask = 2147483647;
			files = (
			);
			runOnlyForDeploymentPostprocessing = 0;
		};
/* End PBXResourcesBuildPhase section */

/* Begin PBXShellScriptBuildPhase section */
		83242F2398E6AB9958CF8E3A /* [CP] Copy Pods Resources */ = {
			isa = PBXShellScriptBuildPhase;
			buildActionMask = 2147483647;
			files = (
			);
			inputPaths = (
			);
			name = "[CP] Copy Pods Resources";
			outputPaths = (
			);
			runOnlyForDeploymentPostprocessing = 0;
			shellPath = /bin/sh;
			shellScript = "\"${SRCROOT}/Pods/Target Support Files/Pods-weibo-swift/Pods-weibo-swift-resources.sh\"\n";
			showEnvVarsInLog = 0;
		};
		90A84EC203B4DBC8543F76EB /* [CP] Check Pods Manifest.lock */ = {
			isa = PBXShellScriptBuildPhase;
			buildActionMask = 2147483647;
			files = (
			);
			inputPaths = (
			);
			name = "[CP] Check Pods Manifest.lock";
			outputPaths = (
			);
			runOnlyForDeploymentPostprocessing = 0;
			shellPath = /bin/sh;
			shellScript = "diff \"${PODS_PODFILE_DIR_PATH}/Podfile.lock\" \"${PODS_ROOT}/Manifest.lock\" > /dev/null\nif [ $? != 0 ] ; then\n    # print error to STDERR\n    echo \"error: The sandbox is not in sync with the Podfile.lock. Run 'pod install' or update your CocoaPods installation.\" >&2\n    exit 1\nfi\n";
			showEnvVarsInLog = 0;
		};
		97C377FB0298E197C35F9BDE /* [CP] Embed Pods Frameworks */ = {
			isa = PBXShellScriptBuildPhase;
			buildActionMask = 2147483647;
			files = (
			);
			inputPaths = (
			);
			name = "[CP] Embed Pods Frameworks";
			outputPaths = (
			);
			runOnlyForDeploymentPostprocessing = 0;
			shellPath = /bin/sh;
			shellScript = "\"${SRCROOT}/Pods/Target Support Files/Pods-weibo-swift/Pods-weibo-swift-frameworks.sh\"\n";
			showEnvVarsInLog = 0;
		};
/* End PBXShellScriptBuildPhase section */

/* Begin PBXSourcesBuildPhase section */
		C92EEA742011CF32008F8BE1 /* Sources */ = {
			isa = PBXSourcesBuildPhase;
			buildActionMask = 2147483647;
			files = (
				C9E03F2F20174369009363FB /* UIBarButtonItem-Extension.swift in Sources */,
				C98FFCDF2022C3F30072FB4A /* StatusViewModel.swift in Sources */,
				C9FE1AFB2011F5FA002ABC12 /* ProfileViewController.swift in Sources */,
				C9E03F202016E6E8009363FB /* UIButton-Extension.swift in Sources */,
				C98FFCDB2022B2110072FB4A /* NSDate-Extension.swift in Sources */,
				C98FFCE12022F4130072FB4A /* HomeViewCell.swift in Sources */,
				C92EEA7C2011CF32008F8BE1 /* AppDelegate.swift in Sources */,
				C9FE1AF72011F5D5002ABC12 /* DiscoverViewController.swift in Sources */,
				C98FFCD62020255A0072FB4A /* WelcomeViewController.swift in Sources */,
				C9FE1AF12011F447002ABC12 /* MainViewController.swift in Sources */,
				C9FA6E26201B1D29007BA529 /* Common.swift in Sources */,
				C9E03F2720171286009363FB /* BaseViewController.swift in Sources */,
				C9E03F3320185C0C009363FB /* PopoverViewController.swift in Sources */,
				C9FA6E1F2019CA9D007BA529 /* NetWorkTools.swift in Sources */,
				C98FFCD220201AD90072FB4A /* UserAccountTool.swift in Sources */,
				C9E03F29201713B0009363FB /* VisitorView.swift in Sources */,
				C9FA6E23201B0CAE007BA529 /* OAuthViewController.swift in Sources */,
				C9FE1AF52011F5C4002ABC12 /* HomeViewController.swift in Sources */,
				C98FFCD9202069B90072FB4A /* StatusModel.swift in Sources */,
				C9FE1AF92011F5E4002ABC12 /* MessageViewController.swift in Sources */,
				C98FFCDD2022BDC10072FB4A /* UserModel.swift in Sources */,
				C9FA6E28201B3839007BA529 /* UserAccount.swift in Sources */,
			);
			runOnlyForDeploymentPostprocessing = 0;
		};
		C92EEA882011CF32008F8BE1 /* Sources */ = {
			isa = PBXSourcesBuildPhase;
			buildActionMask = 2147483647;
			files = (
				C92EEA912011CF32008F8BE1 /* weibo_swiftTests.swift in Sources */,
			);
			runOnlyForDeploymentPostprocessing = 0;
		};
		C92EEA932011CF32008F8BE1 /* Sources */ = {
			isa = PBXSourcesBuildPhase;
			buildActionMask = 2147483647;
			files = (
				C92EEA9C2011CF32008F8BE1 /* weibo_swiftUITests.swift in Sources */,
			);
			runOnlyForDeploymentPostprocessing = 0;
		};
/* End PBXSourcesBuildPhase section */

/* Begin PBXTargetDependency section */
		C92EEA8E2011CF32008F8BE1 /* PBXTargetDependency */ = {
			isa = PBXTargetDependency;
			target = C92EEA772011CF32008F8BE1 /* weibo-swift */;
			targetProxy = C92EEA8D2011CF32008F8BE1 /* PBXContainerItemProxy */;
		};
		C92EEA992011CF32008F8BE1 /* PBXTargetDependency */ = {
			isa = PBXTargetDependency;
			target = C92EEA772011CF32008F8BE1 /* weibo-swift */;
			targetProxy = C92EEA982011CF32008F8BE1 /* PBXContainerItemProxy */;
		};
/* End PBXTargetDependency section */

/* Begin PBXVariantGroup section */
		C92EEA7F2011CF32008F8BE1 /* Main.storyboard */ = {
			isa = PBXVariantGroup;
			children = (
				C92EEA802011CF32008F8BE1 /* Base */,
			);
			name = Main.storyboard;
			sourceTree = "<group>";
		};
/* End PBXVariantGroup section */

/* Begin XCBuildConfiguration section */
		C92EEA9E2011CF32008F8BE1 /* Debug */ = {
			isa = XCBuildConfiguration;
			buildSettings = {
				ALWAYS_SEARCH_USER_PATHS = NO;
				CLANG_ANALYZER_NONNULL = YES;
				CLANG_ANALYZER_NUMBER_OBJECT_CONVERSION = YES_AGGRESSIVE;
				CLANG_CXX_LANGUAGE_STANDARD = "gnu++14";
				CLANG_CXX_LIBRARY = "libc++";
				CLANG_ENABLE_MODULES = YES;
				CLANG_ENABLE_OBJC_ARC = YES;
				CLANG_WARN_BLOCK_CAPTURE_AUTORELEASING = YES;
				CLANG_WARN_BOOL_CONVERSION = YES;
				CLANG_WARN_COMMA = YES;
				CLANG_WARN_CONSTANT_CONVERSION = YES;
				CLANG_WARN_DIRECT_OBJC_ISA_USAGE = YES_ERROR;
				CLANG_WARN_DOCUMENTATION_COMMENTS = YES;
				CLANG_WARN_EMPTY_BODY = YES;
				CLANG_WARN_ENUM_CONVERSION = YES;
				CLANG_WARN_INFINITE_RECURSION = YES;
				CLANG_WARN_INT_CONVERSION = YES;
				CLANG_WARN_NON_LITERAL_NULL_CONVERSION = YES;
				CLANG_WARN_OBJC_LITERAL_CONVERSION = YES;
				CLANG_WARN_OBJC_ROOT_CLASS = YES_ERROR;
				CLANG_WARN_RANGE_LOOP_ANALYSIS = YES;
				CLANG_WARN_STRICT_PROTOTYPES = YES;
				CLANG_WARN_SUSPICIOUS_MOVE = YES;
				CLANG_WARN_UNGUARDED_AVAILABILITY = YES_AGGRESSIVE;
				CLANG_WARN_UNREACHABLE_CODE = YES;
				CLANG_WARN__DUPLICATE_METHOD_MATCH = YES;
				CODE_SIGN_IDENTITY = "iPhone Developer";
				COPY_PHASE_STRIP = NO;
				DEBUG_ACTIVITY_MODE = "";
				"DEBUG_ACTIVITY_MODE[sdk=iphonesimulator*]" = default;
				DEBUG_INFORMATION_FORMAT = dwarf;
				ENABLE_STRICT_OBJC_MSGSEND = YES;
				ENABLE_TESTABILITY = YES;
				GCC_C_LANGUAGE_STANDARD = gnu11;
				GCC_DYNAMIC_NO_PIC = NO;
				GCC_NO_COMMON_BLOCKS = YES;
				GCC_OPTIMIZATION_LEVEL = 0;
				GCC_PREPROCESSOR_DEFINITIONS = (
					"DEBUG=1",
					"$(inherited)",
				);
				GCC_WARN_64_TO_32_BIT_CONVERSION = YES;
				GCC_WARN_ABOUT_RETURN_TYPE = YES_ERROR;
				GCC_WARN_UNDECLARED_SELECTOR = YES;
				GCC_WARN_UNINITIALIZED_AUTOS = YES_AGGRESSIVE;
				GCC_WARN_UNUSED_FUNCTION = YES;
				GCC_WARN_UNUSED_VARIABLE = YES;
				IPHONEOS_DEPLOYMENT_TARGET = 11.2;
				MTL_ENABLE_DEBUG_INFO = YES;
				ONLY_ACTIVE_ARCH = YES;
				SDKROOT = iphoneos;
				SWIFT_ACTIVE_COMPILATION_CONDITIONS = DEBUG;
				SWIFT_OPTIMIZATION_LEVEL = "-Onone";
			};
			name = Debug;
		};
		C92EEA9F2011CF32008F8BE1 /* Release */ = {
			isa = XCBuildConfiguration;
			buildSettings = {
				ALWAYS_SEARCH_USER_PATHS = NO;
				CLANG_ANALYZER_NONNULL = YES;
				CLANG_ANALYZER_NUMBER_OBJECT_CONVERSION = YES_AGGRESSIVE;
				CLANG_CXX_LANGUAGE_STANDARD = "gnu++14";
				CLANG_CXX_LIBRARY = "libc++";
				CLANG_ENABLE_MODULES = YES;
				CLANG_ENABLE_OBJC_ARC = YES;
				CLANG_WARN_BLOCK_CAPTURE_AUTORELEASING = YES;
				CLANG_WARN_BOOL_CONVERSION = YES;
				CLANG_WARN_COMMA = YES;
				CLANG_WARN_CONSTANT_CONVERSION = YES;
				CLANG_WARN_DIRECT_OBJC_ISA_USAGE = YES_ERROR;
				CLANG_WARN_DOCUMENTATION_COMMENTS = YES;
				CLANG_WARN_EMPTY_BODY = YES;
				CLANG_WARN_ENUM_CONVERSION = YES;
				CLANG_WARN_INFINITE_RECURSION = YES;
				CLANG_WARN_INT_CONVERSION = YES;
				CLANG_WARN_NON_LITERAL_NULL_CONVERSION = YES;
				CLANG_WARN_OBJC_LITERAL_CONVERSION = YES;
				CLANG_WARN_OBJC_ROOT_CLASS = YES_ERROR;
				CLANG_WARN_RANGE_LOOP_ANALYSIS = YES;
				CLANG_WARN_STRICT_PROTOTYPES = YES;
				CLANG_WARN_SUSPICIOUS_MOVE = YES;
				CLANG_WARN_UNGUARDED_AVAILABILITY = YES_AGGRESSIVE;
				CLANG_WARN_UNREACHABLE_CODE = YES;
				CLANG_WARN__DUPLICATE_METHOD_MATCH = YES;
				CODE_SIGN_IDENTITY = "iPhone Developer";
				COPY_PHASE_STRIP = NO;
				DEBUG_ACTIVITY_MODE = "";
				DEBUG_INFORMATION_FORMAT = "dwarf-with-dsym";
				ENABLE_NS_ASSERTIONS = NO;
				ENABLE_STRICT_OBJC_MSGSEND = YES;
				GCC_C_LANGUAGE_STANDARD = gnu11;
				GCC_NO_COMMON_BLOCKS = YES;
				GCC_WARN_64_TO_32_BIT_CONVERSION = YES;
				GCC_WARN_ABOUT_RETURN_TYPE = YES_ERROR;
				GCC_WARN_UNDECLARED_SELECTOR = YES;
				GCC_WARN_UNINITIALIZED_AUTOS = YES_AGGRESSIVE;
				GCC_WARN_UNUSED_FUNCTION = YES;
				GCC_WARN_UNUSED_VARIABLE = YES;
				IPHONEOS_DEPLOYMENT_TARGET = 11.2;
				MTL_ENABLE_DEBUG_INFO = NO;
				SDKROOT = iphoneos;
				SWIFT_OPTIMIZATION_LEVEL = "-Owholemodule";
				VALIDATE_PRODUCT = YES;
			};
			name = Release;
		};
		C92EEAA12011CF32008F8BE1 /* Debug */ = {
			isa = XCBuildConfiguration;
			baseConfigurationReference = 47610D4735F89115182FC164 /* Pods-weibo-swift.debug.xcconfig */;
			buildSettings = {
				ASSETCATALOG_COMPILER_APPICON_NAME = AppIcon;
				ASSETCATALOG_COMPILER_LAUNCHIMAGE_NAME = LaunchImage;
				CODE_SIGN_STYLE = Automatic;
				DEVELOPMENT_TEAM = 27A9PVFTM4;
				INFOPLIST_FILE = "weibo-swift/Info.plist";
				IPHONEOS_DEPLOYMENT_TARGET = 9.0;
				LD_RUNPATH_SEARCH_PATHS = "$(inherited) @executable_path/Frameworks";
				PRODUCT_BUNDLE_IDENTIFIER = "com.sandouchan.weibo-swift";
				PRODUCT_NAME = "$(TARGET_NAME)";
				SWIFT_VERSION = 4.0;
				TARGETED_DEVICE_FAMILY = 1;
			};
			name = Debug;
		};
		C92EEAA22011CF32008F8BE1 /* Release */ = {
			isa = XCBuildConfiguration;
			baseConfigurationReference = F07F1D3B66B844B23B50D643 /* Pods-weibo-swift.release.xcconfig */;
			buildSettings = {
				ASSETCATALOG_COMPILER_APPICON_NAME = AppIcon;
				ASSETCATALOG_COMPILER_LAUNCHIMAGE_NAME = LaunchImage;
				CODE_SIGN_STYLE = Automatic;
				DEVELOPMENT_TEAM = 27A9PVFTM4;
				INFOPLIST_FILE = "weibo-swift/Info.plist";
				IPHONEOS_DEPLOYMENT_TARGET = 9.0;
				LD_RUNPATH_SEARCH_PATHS = "$(inherited) @executable_path/Frameworks";
				PRODUCT_BUNDLE_IDENTIFIER = "com.sandouchan.weibo-swift";
				PRODUCT_NAME = "$(TARGET_NAME)";
				SWIFT_VERSION = 4.0;
				TARGETED_DEVICE_FAMILY = 1;
			};
			name = Release;
		};
		C92EEAA42011CF32008F8BE1 /* Debug */ = {
			isa = XCBuildConfiguration;
			buildSettings = {
				ALWAYS_EMBED_SWIFT_STANDARD_LIBRARIES = YES;
				BUNDLE_LOADER = "$(TEST_HOST)";
				CODE_SIGN_STYLE = Automatic;
				DEVELOPMENT_TEAM = 27A9PVFTM4;
				INFOPLIST_FILE = "weibo-swiftTests/Info.plist";
				LD_RUNPATH_SEARCH_PATHS = "$(inherited) @executable_path/Frameworks @loader_path/Frameworks";
				PRODUCT_BUNDLE_IDENTIFIER = "com.sandouchan.weibo-swiftTests";
				PRODUCT_NAME = "$(TARGET_NAME)";
				SWIFT_VERSION = 4.0;
				TARGETED_DEVICE_FAMILY = "1,2";
				TEST_HOST = "$(BUILT_PRODUCTS_DIR)/weibo-swift.app/weibo-swift";
			};
			name = Debug;
		};
		C92EEAA52011CF32008F8BE1 /* Release */ = {
			isa = XCBuildConfiguration;
			buildSettings = {
				ALWAYS_EMBED_SWIFT_STANDARD_LIBRARIES = YES;
				BUNDLE_LOADER = "$(TEST_HOST)";
				CODE_SIGN_STYLE = Automatic;
				DEVELOPMENT_TEAM = 27A9PVFTM4;
				INFOPLIST_FILE = "weibo-swiftTests/Info.plist";
				LD_RUNPATH_SEARCH_PATHS = "$(inherited) @executable_path/Frameworks @loader_path/Frameworks";
				PRODUCT_BUNDLE_IDENTIFIER = "com.sandouchan.weibo-swiftTests";
				PRODUCT_NAME = "$(TARGET_NAME)";
				SWIFT_VERSION = 4.0;
				TARGETED_DEVICE_FAMILY = "1,2";
				TEST_HOST = "$(BUILT_PRODUCTS_DIR)/weibo-swift.app/weibo-swift";
			};
			name = Release;
		};
		C92EEAA72011CF32008F8BE1 /* Debug */ = {
			isa = XCBuildConfiguration;
			buildSettings = {
				ALWAYS_EMBED_SWIFT_STANDARD_LIBRARIES = YES;
				CODE_SIGN_STYLE = Automatic;
				DEVELOPMENT_TEAM = 27A9PVFTM4;
				INFOPLIST_FILE = "weibo-swiftUITests/Info.plist";
				LD_RUNPATH_SEARCH_PATHS = "$(inherited) @executable_path/Frameworks @loader_path/Frameworks";
				PRODUCT_BUNDLE_IDENTIFIER = "com.sandouchan.weibo-swiftUITests";
				PRODUCT_NAME = "$(TARGET_NAME)";
				SWIFT_VERSION = 4.0;
				TARGETED_DEVICE_FAMILY = "1,2";
				TEST_TARGET_NAME = "weibo-swift";
			};
			name = Debug;
		};
		C92EEAA82011CF32008F8BE1 /* Release */ = {
			isa = XCBuildConfiguration;
			buildSettings = {
				ALWAYS_EMBED_SWIFT_STANDARD_LIBRARIES = YES;
				CODE_SIGN_STYLE = Automatic;
				DEVELOPMENT_TEAM = 27A9PVFTM4;
				INFOPLIST_FILE = "weibo-swiftUITests/Info.plist";
				LD_RUNPATH_SEARCH_PATHS = "$(inherited) @executable_path/Frameworks @loader_path/Frameworks";
				PRODUCT_BUNDLE_IDENTIFIER = "com.sandouchan.weibo-swiftUITests";
				PRODUCT_NAME = "$(TARGET_NAME)";
				SWIFT_VERSION = 4.0;
				TARGETED_DEVICE_FAMILY = "1,2";
				TEST_TARGET_NAME = "weibo-swift";
			};
			name = Release;
		};
/* End XCBuildConfiguration section */

/* Begin XCConfigurationList section */
		C92EEA732011CF32008F8BE1 /* Build configuration list for PBXProject "weibo-swift" */ = {
			isa = XCConfigurationList;
			buildConfigurations = (
				C92EEA9E2011CF32008F8BE1 /* Debug */,
				C92EEA9F2011CF32008F8BE1 /* Release */,
			);
			defaultConfigurationIsVisible = 0;
			defaultConfigurationName = Release;
		};
		C92EEAA02011CF32008F8BE1 /* Build configuration list for PBXNativeTarget "weibo-swift" */ = {
			isa = XCConfigurationList;
			buildConfigurations = (
				C92EEAA12011CF32008F8BE1 /* Debug */,
				C92EEAA22011CF32008F8BE1 /* Release */,
			);
			defaultConfigurationIsVisible = 0;
			defaultConfigurationName = Release;
		};
		C92EEAA32011CF32008F8BE1 /* Build configuration list for PBXNativeTarget "weibo-swiftTests" */ = {
			isa = XCConfigurationList;
			buildConfigurations = (
				C92EEAA42011CF32008F8BE1 /* Debug */,
				C92EEAA52011CF32008F8BE1 /* Release */,
			);
			defaultConfigurationIsVisible = 0;
			defaultConfigurationName = Release;
		};
		C92EEAA62011CF32008F8BE1 /* Build configuration list for PBXNativeTarget "weibo-swiftUITests" */ = {
			isa = XCConfigurationList;
			buildConfigurations = (
				C92EEAA72011CF32008F8BE1 /* Debug */,
				C92EEAA82011CF32008F8BE1 /* Release */,
			);
			defaultConfigurationIsVisible = 0;
			defaultConfigurationName = Release;
		};
/* End XCConfigurationList section */
	};
	rootObject = C92EEA702011CF32008F8BE1 /* Project object */;
}
